
Microsoft Visual Studio Solution File, Format Version 12.00
# Visual Studio 15
VisualStudioVersion = 15.0.27428.2027
MinimumVisualStudioVersion = 10.0.40219.1
Project("{FAE04EC0-301F-11D3-BF4B-00C04F79EFBC}") = "SRKSDAQFanucToolLifeWinForms", "SRKSDAQFanucToolLifeWinForms\SRKSDAQFanucToolLifeWinForms.csproj", "{74C8573F-A59B-42FB-93F7-D93053AADE2E}"
EndProject
Project("{FAE04EC0-301F-11D3-BF4B-00C04F79EFBC}") = "SRKSFanucDAL", "SRKSFanucDAL\SRKSFanucDAL.csproj", "{C4C00B4D-F650-405B-A2F8-D3075D3EADE5}"
EndProject
Global
	GlobalSection(SolutionConfigurationPlatforms) = preSolution
		Debug|Any CPU = Debug|Any CPU
		Release|Any CPU = Release|Any CPU
	EndGlobalSection
	GlobalSection(ProjectConfigurationPlatforms) = postSolution
		{74C8573F-A59B-42FB-93F7-D93053AADE2E}.Debug|Any CPU.ActiveCfg = Debug|Any CPU
		{74C8573F-A59B-42FB-93F7-D93053AADE2E}.Debug|Any CPU.Build.0 = Debug|Any CPU
		{74C8573F-A59B-42FB-93F7-D93053AADE2E}.Release|Any CPU.ActiveCfg = Release|Any CPU
		{74C8573F-A59B-42FB-93F7-D93053AADE2E}.Release|Any CPU.Build.0 = Release|Any CPU
		{C4C00B4D-F650-405B-A2F8-D3075D3EADE5}.Debug|Any CPU.ActiveCfg = Debug|Any CPU
		{C4C00B4D-F650-405B-A2F8-D3075D3EADE5}.Debug|Any CPU.Build.0 = Debug|Any CPU
		{C4C00B4D-F650-405B-A2F8-D3075D3EADE5}.Release|Any CPU.ActiveCfg = Release|Any CPU
		{C4C00B4D-F650-405B-A2F8-D3075D3EADE5}.Release|Any CPU.Build.0 = Release|Any CPU
	EndGlobalSection
	GlobalSection(SolutionProperties) = preSolution
		HideSolutionNode = FALSE
	EndGlobalSection
	GlobalSection(ExtensibilityGlobals) = postSolution
		SolutionGuid = {2168C363-8366-4379-ACDF-1D499EE9869E}
	EndGlobalSection
EndGlobal
